
Microsoft Visual Studio Solution File, Format Version 12.00
# Visual Studio Version 17
VisualStudioVersion = 17.8.34316.72
MinimumVisualStudioVersion = 10.0.40219.1
Project("{9A19103F-16F7-4668-BE54-9A1E7A4F7556}") = "WebAppNavigationManager", "WebAppNavigationManager\WebAppNavigationManager.csproj", "{C925FDF5-D87B-440A-9F21-8A2D6318461F}"
EndProject
Project("{FAE04EC0-301F-11D3-BF4B-00C04F79EFBC}") = "GoogleAuthorisation", "GoogleAuthorisation\GoogleAuthorisation.csproj", "{9C17B547-3D2C-4DE8-9F35-8591E3DEF143}"
EndProject
Global
	GlobalSection(SolutionConfigurationPlatforms) = preSolution
		Debug|Any CPU = Debug|Any CPU
		Release|Any CPU = Release|Any CPU
	EndGlobalSection
	GlobalSection(ProjectConfigurationPlatforms) = postSolution
		{C925FDF5-D87B-440A-9F21-8A2D6318461F}.Debug|Any CPU.ActiveCfg = Debug|Any CPU
		{C925FDF5-D87B-440A-9F21-8A2D6318461F}.Debug|Any CPU.Build.0 = Debug|Any CPU
		{C925FDF5-D87B-440A-9F21-8A2D6318461F}.Release|Any CPU.ActiveCfg = Release|Any CPU
		{C925FDF5-D87B-440A-9F21-8A2D6318461F}.Release|Any CPU.Build.0 = Release|Any CPU
		{9C17B547-3D2C-4DE8-9F35-8591E3DEF143}.Debug|Any CPU.ActiveCfg = Debug|Any CPU
		{9C17B547-3D2C-4DE8-9F35-8591E3DEF143}.Debug|Any CPU.Build.0 = Debug|Any CPU
		{9C17B547-3D2C-4DE8-9F35-8591E3DEF143}.Release|Any CPU.ActiveCfg = Release|Any CPU
		{9C17B547-3D2C-4DE8-9F35-8591E3DEF143}.Release|Any CPU.Build.0 = Release|Any CPU
	EndGlobalSection
	GlobalSection(SolutionProperties) = preSolution
		HideSolutionNode = FALSE
	EndGlobalSection
EndGlobal
