
Microsoft Visual Studio Solution File, Format Version 12.00
Project("{FAE04EC0-301F-11D3-BF4B-00C04F79EFBC}") = "WebAppNavigationManager", "WebAppNavigationManager\WebAppNavigationManager.csproj", "{C925FDF5-D87B-440A-9F21-8A2D6318461F}"
EndProject
Global
	GlobalSection(SolutionConfigurationPlatforms) = preSolution
		Debug|Any CPU = Debug|Any CPU
		Release|Any CPU = Release|Any CPU
	EndGlobalSection
	GlobalSection(ProjectConfigurationPlatforms) = postSolution
		{C925FDF5-D87B-440A-9F21-8A2D6318461F}.Debug|Any CPU.ActiveCfg = Debug|Any CPU
		{C925FDF5-D87B-440A-9F21-8A2D6318461F}.Debug|Any CPU.Build.0 = Debug|Any CPU
		{C925FDF5-D87B-440A-9F21-8A2D6318461F}.Release|Any CPU.ActiveCfg = Release|Any CPU
		{C925FDF5-D87B-440A-9F21-8A2D6318461F}.Release|Any CPU.Build.0 = Release|Any CPU
	EndGlobalSection
EndGlobal
